
Microsoft Visual Studio Solution File, Format Version 12.00
# Visual Studio Version 17
VisualStudioVersion = 17.1.32319.34
MinimumVisualStudioVersion = 10.0.40219.1
Project("{9A19103F-16F7-4668-BE54-9A1E7A4F7556}") = "TesteVericode.Core", "TesteVericode.Core\TesteVericode.Core.csproj", "{CE87D672-5984-410D-B52B-74D7A50023B6}"
EndProject
Project("{9A19103F-16F7-4668-BE54-9A1E7A4F7556}") = "TesteVericode.Domain", "TesteVericode.Domain\TesteVericode.Domain.csproj", "{069655F7-479A-4B0B-9DA9-616643FFD5E5}"
EndProject
Project("{9A19103F-16F7-4668-BE54-9A1E7A4F7556}") = "TesteVericode.Infrastructure", "TesteVericode.Infrastructure\TesteVericode.Infrastructure.csproj", "{BE7A0430-27C1-4529-A081-A71E7E6ED6F7}"
EndProject
Project("{9A19103F-16F7-4668-BE54-9A1E7A4F7556}") = "TesteVericode.Migrations", "TesteVericode.Migrations\TesteVericode.Migrations.csproj", "{DDB0798E-E459-461F-955A-59E076A4979E}"
EndProject
Project("{9A19103F-16F7-4668-BE54-9A1E7A4F7556}") = "TesteVericode.API", "TesteVericode.API\TesteVericode.API.csproj", "{A2E8943D-9EC2-4221-A9B6-975C2BA116C4}"
EndProject
Global
	GlobalSection(SolutionConfigurationPlatforms) = preSolution
		Debug|Any CPU = Debug|Any CPU
		Release|Any CPU = Release|Any CPU
	EndGlobalSection
	GlobalSection(ProjectConfigurationPlatforms) = postSolution
		{CE87D672-5984-410D-B52B-74D7A50023B6}.Debug|Any CPU.ActiveCfg = Debug|Any CPU
		{CE87D672-5984-410D-B52B-74D7A50023B6}.Debug|Any CPU.Build.0 = Debug|Any CPU
		{CE87D672-5984-410D-B52B-74D7A50023B6}.Release|Any CPU.ActiveCfg = Release|Any CPU
		{CE87D672-5984-410D-B52B-74D7A50023B6}.Release|Any CPU.Build.0 = Release|Any CPU
		{069655F7-479A-4B0B-9DA9-616643FFD5E5}.Debug|Any CPU.ActiveCfg = Debug|Any CPU
		{069655F7-479A-4B0B-9DA9-616643FFD5E5}.Debug|Any CPU.Build.0 = Debug|Any CPU
		{069655F7-479A-4B0B-9DA9-616643FFD5E5}.Release|Any CPU.ActiveCfg = Release|Any CPU
		{069655F7-479A-4B0B-9DA9-616643FFD5E5}.Release|Any CPU.Build.0 = Release|Any CPU
		{BE7A0430-27C1-4529-A081-A71E7E6ED6F7}.Debug|Any CPU.ActiveCfg = Debug|Any CPU
		{BE7A0430-27C1-4529-A081-A71E7E6ED6F7}.Debug|Any CPU.Build.0 = Debug|Any CPU
		{BE7A0430-27C1-4529-A081-A71E7E6ED6F7}.Release|Any CPU.ActiveCfg = Release|Any CPU
		{BE7A0430-27C1-4529-A081-A71E7E6ED6F7}.Release|Any CPU.Build.0 = Release|Any CPU
		{DDB0798E-E459-461F-955A-59E076A4979E}.Debug|Any CPU.ActiveCfg = Debug|Any CPU
		{DDB0798E-E459-461F-955A-59E076A4979E}.Debug|Any CPU.Build.0 = Debug|Any CPU
		{DDB0798E-E459-461F-955A-59E076A4979E}.Release|Any CPU.ActiveCfg = Release|Any CPU
		{DDB0798E-E459-461F-955A-59E076A4979E}.Release|Any CPU.Build.0 = Release|Any CPU
		{A2E8943D-9EC2-4221-A9B6-975C2BA116C4}.Debug|Any CPU.ActiveCfg = Debug|Any CPU
		{A2E8943D-9EC2-4221-A9B6-975C2BA116C4}.Debug|Any CPU.Build.0 = Debug|Any CPU
		{A2E8943D-9EC2-4221-A9B6-975C2BA116C4}.Release|Any CPU.ActiveCfg = Release|Any CPU
		{A2E8943D-9EC2-4221-A9B6-975C2BA116C4}.Release|Any CPU.Build.0 = Release|Any CPU
	EndGlobalSection
	GlobalSection(SolutionProperties) = preSolution
		HideSolutionNode = FALSE
	EndGlobalSection
	GlobalSection(ExtensibilityGlobals) = postSolution
		SolutionGuid = {5E8F6047-D26C-4A42-85F0-54D75A0EB58F}
	EndGlobalSection
EndGlobal
